{
  "dependencies": {
    "async": {
      "version": "0.9.0"
    },
    "bugsnag": {
      "version": "1.5.1",
      "dependencies": {
        "stack-trace": {
          "version": "0.0.9"
        },
        "request": {
          "version": "2.72.0",
          "dependencies": {
            "aws-sign2": {
              "version": "0.6.0"
            },
            "aws4": {
              "version": "1.3.2",
              "dependencies": {
                "lru-cache": {
                  "version": "4.0.1",
                  "dependencies": {
                    "pseudomap": {
                      "version": "1.0.2"
                    },
                    "yallist": {
                      "version": "2.0.0"
                    }
                  }
                }
              }
            },
            "bl": {
              "version": "1.1.2",
              "dependencies": {
                "readable-stream": {
                  "version": "2.0.6",
                  "dependencies": {
                    "core-util-is": {
                      "version": "http://registry.npmjs.org/core-util-is/-/core-util-is-1.0.2.tgz"
                    },
                    "inherits": {
                      "version": "2.0.1"
                    },
                    "isarray": {
                      "version": "1.0.0"
                    },
                    "process-nextick-args": {
                      "version": "1.0.6"
                    },
                    "string_decoder": {
                      "version": "0.10.31"
                    },
                    "util-deprecate": {
                      "version": "1.0.2"
                    }
                  }
                }
              }
            },
            "caseless": {
              "version": "0.11.0"
            },
            "combined-stream": {
              "version": "1.0.5",
              "dependencies": {
                "delayed-stream": {
                  "version": "1.0.0"
                }
              }
            },
            "extend": {
              "version": "3.0.0"
            },
            "forever-agent": {
              "version": "0.6.1"
            },
            "form-data": {
              "version": "1.0.0-rc4",
              "dependencies": {
                "async": {
                  "version": "1.5.2"
                }
              }
            },
            "har-validator": {
              "version": "2.0.6",
              "dependencies": {
                "chalk": {
                  "version": "1.1.3",
                  "dependencies": {
                    "ansi-styles": {
                      "version": "2.2.1"
                    },
                    "escape-string-regexp": {
                      "version": "1.0.5"
                    },
                    "has-ansi": {
                      "version": "2.0.0",
                      "dependencies": {
                        "ansi-regex": {
                          "version": "2.0.0"
                        }
                      }
                    },
                    "strip-ansi": {
                      "version": "3.0.1",
                      "dependencies": {
                        "ansi-regex": {
                          "version": "2.0.0"
                        }
                      }
                    },
                    "supports-color": {
                      "version": "2.0.0"
                    }
                  }
                },
                "commander": {
                  "version": "2.9.0",
                  "dependencies": {
                    "graceful-readlink": {
                      "version": "1.0.1"
                    }
                  }
                },
                "is-my-json-valid": {
                  "version": "2.13.1",
                  "dependencies": {
                    "generate-function": {
                      "version": "2.0.0"
                    },
                    "generate-object-property": {
                      "version": "1.2.0",
                      "dependencies": {
                        "is-property": {
                          "version": "1.0.2"
                        }
                      }
                    },
                    "jsonpointer": {
                      "version": "2.0.0"
                    },
                    "xtend": {
                      "version": "4.0.1"
                    }
                  }
                },
                "pinkie-promise": {
                  "version": "2.0.1",
                  "dependencies": {
                    "pinkie": {
                      "version": "2.0.4"
                    }
                  }
                }
              }
            },
            "hawk": {
              "version": "3.1.3",
              "dependencies": {
                "hoek": {
                  "version": "2.16.3"
                },
                "boom": {
                  "version": "2.10.1"
                },
                "cryptiles": {
                  "version": "2.0.5"
                },
                "sntp": {
                  "version": "1.0.9"
                }
              }
            },
            "http-signature": {
              "version": "1.1.1",
              "dependencies": {
                "assert-plus": {
                  "version": "0.2.0"
                },
                "jsprim": {
                  "version": "1.2.2",
                  "dependencies": {
                    "extsprintf": {
                      "version": "1.0.2"
                    },
                    "json-schema": {
                      "version": "0.2.2"
                    },
                    "verror": {
                      "version": "1.3.6"
                    }
                  }
                },
                "sshpk": {
                  "version": "1.8.3",
                  "dependencies": {
                    "asn1": {
                      "version": "0.2.3"
                    },
                    "assert-plus": {
                      "version": "1.0.0"
                    },
                    "dashdash": {
                      "version": "1.13.1"
                    },
                    "getpass": {
                      "version": "0.1.6"
                    },
                    "jsbn": {
                      "version": "0.1.0"
                    },
                    "tweetnacl": {
                      "version": "0.13.3"
                    },
                    "jodid25519": {
                      "version": "1.0.2"
                    },
                    "ecc-jsbn": {
                      "version": "0.1.1"
                    }
                  }
                }
              }
            },
            "is-typedarray": {
              "version": "1.0.0"
            },
            "isstream": {
              "version": "0.1.2"
            },
            "json-stringify-safe": {
              "version": "5.0.1"
            },
            "mime-types": {
              "version": "2.1.11",
              "dependencies": {
                "mime-db": {
                  "version": "1.23.0"
                }
              }
            },
            "node-uuid": {
              "version": "1.4.7"
            },
            "oauth-sign": {
              "version": "0.8.1"
            },
            "qs": {
              "version": "6.1.0"
            },
            "stringstream": {
              "version": "0.0.5"
            },
            "tough-cookie": {
              "version": "2.2.2"
            },
            "tunnel-agent": {
              "version": "0.4.2"
            }
          }
        }
      }
    },
    "coffee-script": {
      "version": "1.8.0",
      "dependencies": {
        "mkdirp": {
          "version": "0.3.5"
        }
      }
    },
    "nodemailer": {
      "version": "1.4.0",
      "dependencies": {
        "buildmail": {
          "version": "1.3.0",
          "dependencies": {
            "addressparser": {
              "version": "0.3.2"
            },
            "libbase64": {
              "version": "0.1.0"
            },
            "libqp": {
              "version": "1.1.0"
            }
          }
        },
        "hyperquest": {
          "version": "1.3.0",
          "dependencies": {
            "duplexer2": {
              "version": "0.0.2",
              "dependencies": {
                "readable-stream": {
                  "version": "1.1.14",
                  "dependencies": {
                    "core-util-is": {
                      "version": "1.0.2"
                    },
                    "isarray": {
                      "version": "0.0.1"
                    },
                    "string_decoder": {
                      "version": "0.10.31"
                    },
                    "inherits": {
                      "version": "2.0.1"
                    }
                  }
                }
              }
            },
            "through2": {
              "version": "0.6.5",
              "dependencies": {
                "readable-stream": {
                  "version": "1.0.34",
                  "dependencies": {
                    "core-util-is": {
                      "version": "1.0.2"
                    },
                    "isarray": {
                      "version": "0.0.1"
                    },
                    "string_decoder": {
                      "version": "0.10.31"
                    },
                    "inherits": {
                      "version": "2.0.1"
                    }
                  }
                },
                "xtend": {
                  "version": "4.0.1"
                }
              }
            }
          }
        },
        "libmime": {
          "version": "1.2.0",
          "dependencies": {
            "iconv-lite": {
              "version": "0.4.13"
            },
            "libbase64": {
              "version": "0.1.0"
            },
            "libqp": {
              "version": "1.1.0"
            }
          }
        },
        "nodemailer-direct-transport": {
          "version": "1.1.0",
          "dependencies": {
            "smtp-connection": {
              "version": "1.3.8"
            }
          }
        },
        "nodemailer-smtp-transport": {
          "version": "1.1.0",
          "dependencies": {
            "clone": {
              "version": "1.0.2"
            },
            "nodemailer-wellknown": {
              "version": "0.1.9"
            },
            "smtp-connection": {
              "version": "1.3.8"
            }
          }
        }
      }
    },
    "nodemailer-smtp-transport": {
      "version": "1.0.3",
      "dependencies": {
        "clone": {
          "version": "1.0.2"
        },
        "nodemailer-wellknown": {
          "version": "0.1.9"
        },
        "smtp-connection": {
          "version": "1.3.8"
        }
      }
    },
    "swig-email-templates": {
      "version": "1.3.0",
      "dependencies": {
        "swig": {
          "version": "1.4.2",
          "dependencies": {
            "uglify-js": {
              "version": "2.4.24",
              "dependencies": {
                "async": {
                  "version": "0.2.10"
                },
                "source-map": {
                  "version": "0.1.34",
                  "dependencies": {
                    "amdefine": {
                      "version": "1.0.0"
                    }
                  }
                },
                "uglify-to-browserify": {
                  "version": "1.0.2"
                },
                "yargs": {
                  "version": "3.5.4",
                  "dependencies": {
                    "camelcase": {
                      "version": "1.2.1"
                    },
                    "decamelize": {
                      "version": "1.2.0"
                    },
                    "window-size": {
                      "version": "0.1.0"
                    },
                    "wordwrap": {
                      "version": "0.0.2"
                    }
                  }
                }
              }
            }
          }
        },
        "juice2": {
          "version": "1.3.1",
          "dependencies": {
            "slick": {
              "version": "1.12.2"
            },
            "commander": {
              "version": "2.3.0"
            },
            "cssom": {
              "version": "0.3.1"
            },
            "superagent": {
              "version": "0.18.2",
              "dependencies": {
                "qs": {
                  "version": "0.6.6"
                },
                "formidable": {
                  "version": "1.0.14"
                },
                "mime": {
                  "version": "1.2.11"
                },
                "component-emitter": {
                  "version": "1.1.2"
                },
                "methods": {
                  "version": "1.0.1"
                },
                "cookiejar": {
                  "version": "2.0.1"
                },
                "debug": {
                  "version": "1.0.4",
                  "dependencies": {
                    "ms": {
                      "version": "0.6.2"
                    }
                  }
                },
                "reduce-component": {
                  "version": "1.0.1"
                },
                "extend": {
                  "version": "1.2.1"
                },
                "form-data": {
                  "version": "0.1.3",
                  "dependencies": {
                    "combined-stream": {
                      "version": "0.0.7",
                      "dependencies": {
                        "delayed-stream": {
                          "version": "0.0.5"
                        }
                      }
                    }
                  }
                },
                "readable-stream": {
                  "version": "1.0.27-1",
                  "dependencies": {
                    "core-util-is": {
                      "version": "http://registry.npmjs.org/core-util-is/-/core-util-is-1.0.2.tgz"
                    },
                    "isarray": {
                      "version": "0.0.1"
                    },
                    "string_decoder": {
                      "version": "0.10.31"
                    },
                    "inherits": {
                      "version": "2.0.1"
                    }
                  }
                }
              }
            },
            "pend": {
              "version": "1.1.3"
            }
          }
        },
        "jsdom": {
          "version": "0.11.1",
          "dependencies": {
            "htmlparser2": {
              "version": "3.9.0",
              "dependencies": {
                "domelementtype": {
                  "version": "1.3.0"
                },
                "domhandler": {
                  "version": "2.3.0"
                },
                "domutils": {
                  "version": "1.5.1",
                  "dependencies": {
                    "dom-serializer": {
                      "version": "0.1.0",
                      "dependencies": {
                        "domelementtype": {
                          "version": "1.1.3"
                        }
                      }
                    }
                  }
                },
                "entities": {
                  "version": "1.1.1"
                },
                "readable-stream": {
                  "version": "2.1.2",
                  "dependencies": {
                    "core-util-is": {
                      "version": "http://registry.npmjs.org/core-util-is/-/core-util-is-1.0.2.tgz"
                    },
                    "inherits": {
                      "version": "2.0.1"
                    },
                    "isarray": {
                      "version": "1.0.0"
                    },
                    "process-nextick-args": {
                      "version": "1.0.6"
                    },
                    "string_decoder": {
                      "version": "0.10.31"
                    },
                    "util-deprecate": {
                      "version": "http://registry.npmjs.org/util-deprecate/-/util-deprecate-1.0.2.tgz"
                    }
                  }
                }
              }
            },
            "nwmatcher": {
              "version": "1.3.7"
            },
            "request": {
              "version": "2.72.0",
              "dependencies": {
                "aws-sign2": {
                  "version": "http://registry.npmjs.org/aws-sign2/-/aws-sign2-0.6.0.tgz"
                },
                "aws4": {
                  "version": "1.3.2",
                  "dependencies": {
                    "lru-cache": {
                      "version": "4.0.1",
                      "dependencies": {
                        "pseudomap": {
                          "version": "1.0.2"
                        },
                        "yallist": {
                          "version": "2.0.0"
                        }
                      }
                    }
                  }
                },
                "bl": {
                  "version": "1.1.2",
                  "dependencies": {
                    "readable-stream": {
                      "version": "2.0.6",
                      "dependencies": {
                        "core-util-is": {
                          "version": "http://registry.npmjs.org/core-util-is/-/core-util-is-1.0.2.tgz"
                        },
                        "inherits": {
                          "version": "2.0.1"
                        },
                        "isarray": {
                          "version": "1.0.0"
                        },
                        "process-nextick-args": {
                          "version": "1.0.6"
                        },
                        "string_decoder": {
                          "version": "0.10.31"
                        },
                        "util-deprecate": {
                          "version": "1.0.2"
                        }
                      }
                    }
                  }
                },
                "caseless": {
                  "version": "http://registry.npmjs.org/caseless/-/caseless-0.11.0.tgz"
                },
                "combined-stream": {
                  "version": "1.0.5",
                  "dependencies": {
                    "delayed-stream": {
                      "version": "1.0.0"
                    }
                  }
                },
                "extend": {
                  "version": "3.0.0"
                },
                "forever-agent": {
                  "version": "0.6.1"
                },
                "form-data": {
                  "version": "1.0.0-rc4",
                  "dependencies": {
                    "async": {
                      "version": "1.5.2"
                    }
                  }
                },
                "har-validator": {
                  "version": "2.0.6",
                  "dependencies": {
                    "chalk": {
                      "version": "1.1.3",
                      "dependencies": {
                        "ansi-styles": {
                          "version": "2.2.1"
                        },
                        "escape-string-regexp": {
                          "version": "1.0.5"
                        },
                        "has-ansi": {
                          "version": "2.0.0",
                          "dependencies": {
                            "ansi-regex": {
                              "version": "2.0.0"
                            }
                          }
                        },
                        "strip-ansi": {
                          "version": "3.0.1",
                          "dependencies": {
                            "ansi-regex": {
                              "version": "2.0.0"
                            }
                          }
                        },
                        "supports-color": {
                          "version": "2.0.0"
                        }
                      }
                    },
                    "commander": {
                      "version": "2.9.0",
                      "dependencies": {
                        "graceful-readlink": {
                          "version": "1.0.1"
                        }
                      }
                    },
                    "is-my-json-valid": {
                      "version": "2.13.1",
                      "dependencies": {
                        "generate-function": {
                          "version": "2.0.0"
                        },
                        "generate-object-property": {
                          "version": "1.2.0",
                          "dependencies": {
                            "is-property": {
                              "version": "1.0.2"
                            }
                          }
                        },
                        "jsonpointer": {
                          "version": "2.0.0"
                        },
                        "xtend": {
                          "version": "4.0.1"
                        }
                      }
                    },
                    "pinkie-promise": {
                      "version": "2.0.1",
                      "dependencies": {
                        "pinkie": {
                          "version": "2.0.4"
                        }
                      }
                    }
                  }
                },
                "hawk": {
                  "version": "3.1.3",
                  "dependencies": {
                    "hoek": {
                      "version": "2.16.3"
                    },
                    "boom": {
                      "version": "2.10.1"
                    },
                    "cryptiles": {
                      "version": "2.0.5"
                    },
                    "sntp": {
                      "version": "1.0.9"
                    }
                  }
                },
                "http-signature": {
                  "version": "1.1.1",
                  "dependencies": {
                    "assert-plus": {
                      "version": "0.2.0"
                    },
                    "jsprim": {
                      "version": "1.2.2",
                      "dependencies": {
                        "extsprintf": {
                          "version": "1.0.2"
                        },
                        "json-schema": {
                          "version": "0.2.2"
                        },
                        "verror": {
                          "version": "1.3.6"
                        }
                      }
                    },
                    "sshpk": {
                      "version": "1.8.3",
                      "dependencies": {
                        "asn1": {
                          "version": "0.2.3"
                        },
                        "assert-plus": {
                          "version": "1.0.0"
                        },
                        "dashdash": {
                          "version": "1.13.1"
                        },
                        "getpass": {
                          "version": "0.1.6"
                        },
                        "jsbn": {
                          "version": "0.1.0"
                        },
                        "tweetnacl": {
                          "version": "0.13.3"
                        },
                        "jodid25519": {
                          "version": "1.0.2"
                        },
                        "ecc-jsbn": {
                          "version": "0.1.1"
                        }
                      }
                    }
                  }
                },
                "is-typedarray": {
                  "version": "1.0.0"
                },
                "isstream": {
                  "version": "0.1.2"
                },
                "json-stringify-safe": {
                  "version": "5.0.1"
                },
                "mime-types": {
                  "version": "2.1.11",
                  "dependencies": {
                    "mime-db": {
                      "version": "1.23.0"
                    }
                  }
                },
                "node-uuid": {
                  "version": "1.4.7"
                },
                "oauth-sign": {
                  "version": "0.8.1"
                },
                "qs": {
                  "version": "6.1.0"
                },
                "stringstream": {
                  "version": "0.0.5"
                },
                "tough-cookie": {
                  "version": "2.2.2"
                },
                "tunnel-agent": {
                  "version": "0.4.2"
                }
              }
            },
            "xmlhttprequest": {
              "version": "1.8.0"
            },
            "cssom": {
              "version": "0.3.1"
            },
            "cssstyle": {
              "version": "0.2.34"
            },
            "contextify": {
              "version": "0.1.15",
              "dependencies": {
                "bindings": {
                  "version": "1.2.1"
                },
                "nan": {
                  "version": "2.3.2"
                }
              }
            }
          }
        },
        "optimist": {
          "version": "0.6.1",
          "dependencies": {
            "wordwrap": {
              "version": "0.0.3"
            },
            "minimist": {
              "version": "0.0.10"
            }
          }
        },
        "html-to-text": {
          "version": "0.1.0",
          "dependencies": {
            "htmlparser": {
              "version": "1.7.7"
            },
            "underscore": {
              "version": "1.8.3"
            },
            "underscore.string": {
              "version": "2.4.0"
            }
          }
        }
      }
    },
    "xoauth2": {
      "version": "1.1.0"
    }
  }
}
